# THIS IS AN AUTOGENERATED FILE. DO NOT EDIT THIS FILE DIRECTLY.
# yarn lockfile v1


"@material/animation@^14.0.0":
  version "14.0.0"
  resolved "https://registry.npmjs.org/@material/animation/-/animation-14.0.0.tgz"
  integrity sha512-VlYSfUaIj/BBVtRZI8Gv0VvzikFf+XgK0Zdgsok5c1v5DDnNz5tpB8mnGrveWz0rHbp1X4+CWLKrTwNmjrw3Xw==
  dependencies:
    tslib "^2.1.0"

"@material/base@^14.0.0":
  version "14.0.0"
  resolved "https://registry.npmjs.org/@material/base/-/base-14.0.0.tgz"
  integrity sha512-Ou7vS7n1H4Y10MUZyYAbt6H0t67c6urxoCgeVT7M38aQlaNUwFMODp7KT/myjYz2YULfhu3PtfSV3Sltgac9mA==
  dependencies:
    tslib "^2.1.0"

"@material/button@^14.0.0":
  version "14.0.0"
  resolved "https://registry.npmjs.org/@material/button/-/button-14.0.0.tgz"
  integrity sha512-dqqHaJq0peyXBZupFzCjmvScrfljyVU66ZCS3oldsaaj5iz8sn33I/45Z4zPzdR5F5z8ExToHkRcXhakj1UEAA==
  dependencies:
    "@material/density" "^14.0.0"
    "@material/dom" "^14.0.0"
    "@material/elevation" "^14.0.0"
    "@material/feature-targeting" "^14.0.0"
    "@material/focus-ring" "^14.0.0"
    "@material/ripple" "^14.0.0"
    "@material/rtl" "^14.0.0"
    "@material/shape" "^14.0.0"
    "@material/theme" "^14.0.0"
    "@material/tokens" "^14.0.0"
    "@material/touch-target" "^14.0.0"
    "@material/typography" "^14.0.0"
    tslib "^2.1.0"

"@material/density@^14.0.0":
  version "14.0.0"
  resolved "https://registry.npmjs.org/@material/density/-/density-14.0.0.tgz"
  integrity sha512-NlxXBV5XjNsKd8UXF4K/+fOXLxoFNecKbsaQO6O2u+iG8QBfFreKRmkhEBb2hPPwC3w8nrODwXX0lHV+toICQw==
  dependencies:
    tslib "^2.1.0"

"@material/dialog@^14.0.0":
  version "14.0.0"
  resolved "https://registry.npmjs.org/@material/dialog/-/dialog-14.0.0.tgz"
  integrity sha512-E07NEE4jP8jHaw/y2Il2R1a3f4wDFh2sgfCBtRO/Xh0xxJUMuQ7YXo/F3SAA8jfMbbkUv/PHdJUM3I3HmI9mAA==
  dependencies:
    "@material/animation" "^14.0.0"
    "@material/base" "^14.0.0"
    "@material/button" "^14.0.0"
    "@material/dom" "^14.0.0"
    "@material/elevation" "^14.0.0"
    "@material/feature-targeting" "^14.0.0"
    "@material/icon-button" "^14.0.0"
    "@material/ripple" "^14.0.0"
    "@material/rtl" "^14.0.0"
    "@material/shape" "^14.0.0"
    "@material/theme" "^14.0.0"
    "@material/tokens" "^14.0.0"
    "@material/touch-target" "^14.0.0"
    "@material/typography" "^14.0.0"
    tslib "^2.1.0"

"@material/dom@^14.0.0":
  version "14.0.0"
  resolved "https://registry.npmjs.org/@material/dom/-/dom-14.0.0.tgz"
  integrity sha512-8t88XyacclTj8qsIw9q0vEj4PI2KVncLoIsIMzwuMx49P2FZg6TsLjor262MI3Qs00UWAifuLMrhnOnfyrbe7Q==
  dependencies:
    "@material/feature-targeting" "^14.0.0"
    tslib "^2.1.0"

"@material/elevation@^14.0.0":
  version "14.0.0"
  resolved "https://registry.npmjs.org/@material/elevation/-/elevation-14.0.0.tgz"
  integrity sha512-Di3tkxTpXwvf1GJUmaC8rd+zVh5dB2SWMBGagL4+kT8UmjSISif/OPRGuGnXs3QhF6nmEjkdC0ijdZLcYQkepw==
  dependencies:
    "@material/animation" "^14.0.0"
    "@material/base" "^14.0.0"
    "@material/feature-targeting" "^14.0.0"
    "@material/rtl" "^14.0.0"
    "@material/theme" "^14.0.0"
    tslib "^2.1.0"

"@material/feature-targeting@^14.0.0":
  version "14.0.0"
  resolved "https://registry.npmjs.org/@material/feature-targeting/-/feature-targeting-14.0.0.tgz"
  integrity sha512-a5WGgHEq5lJeeNL5yevtgoZjBjXWy6+klfVWQEh8oyix/rMJygGgO7gEc52uv8fB8uAIoYEB3iBMOv8jRq8FeA==
  dependencies:
    tslib "^2.1.0"

"@material/floating-label@^14.0.0":
  version "14.0.0"
  resolved "https://registry.npmjs.org/@material/floating-label/-/floating-label-14.0.0.tgz"
  integrity sha512-Aq8BboP1sbNnOtsV72AfaYirHyOrQ/GKFoLrZ1Jt+ZGIAuXPETcj9z7nQDznst0ZeKcz420PxNn9tsybTbeL/Q==
  dependencies:
    "@material/animation" "^14.0.0"
    "@material/base" "^14.0.0"
    "@material/dom" "^14.0.0"
    "@material/feature-targeting" "^14.0.0"
    "@material/rtl" "^14.0.0"
    "@material/theme" "^14.0.0"
    "@material/typography" "^14.0.0"
    tslib "^2.1.0"

"@material/focus-ring@^14.0.0":
  version "14.0.0"
  resolved "https://registry.npmjs.org/@material/focus-ring/-/focus-ring-14.0.0.tgz"
  integrity sha512-fqqka6iSfQGJG3Le48RxPCtnOiaLGPDPikhktGbxlyW9srBVMgeCiONfHM7IT/1eu80O0Y67Lh/4ohu5+C+VAQ==
  dependencies:
    "@material/dom" "^14.0.0"
    "@material/feature-targeting" "^14.0.0"
    "@material/rtl" "^14.0.0"

"@material/icon-button@^14.0.0":
  version "14.0.0"
  resolved "https://registry.npmjs.org/@material/icon-button/-/icon-button-14.0.0.tgz"
  integrity sha512-wHMqzm7Q/UwbWLoWv32Li1r2iVYxadIrwTNxT0+p+7NdfI3lEwMN3NoB0CvoJnHTljjXDzce0KJ3nZloa0P0gA==
  dependencies:
    "@material/base" "^14.0.0"
    "@material/density" "^14.0.0"
    "@material/dom" "^14.0.0"
    "@material/elevation" "^14.0.0"
    "@material/feature-targeting" "^14.0.0"
    "@material/focus-ring" "^14.0.0"
    "@material/ripple" "^14.0.0"
    "@material/rtl" "^14.0.0"
    "@material/theme" "^14.0.0"
    "@material/touch-target" "^14.0.0"
    tslib "^2.1.0"

"@material/line-ripple@^14.0.0":
  version "14.0.0"
  resolved "https://registry.npmjs.org/@material/line-ripple/-/line-ripple-14.0.0.tgz"
  integrity sha512-Rx9eSnfp3FcsNz4O+fobNNq2PSm5tYHC3hRpY2ZK3ghTvgp3Y40/soaGEi/Vdg0F7jJXRaBSNOe6p5t9CVfy8Q==
  dependencies:
    "@material/animation" "^14.0.0"
    "@material/base" "^14.0.0"
    "@material/feature-targeting" "^14.0.0"
    "@material/theme" "^14.0.0"
    tslib "^2.1.0"

"@material/list@^14.0.0":
  version "14.0.0"
  resolved "https://registry.npmjs.org/@material/list/-/list-14.0.0.tgz"
  integrity sha512-AFaBGV9vQyfnG8BT2R3UGVdF5w2SigQqBH+qbOSxQhk4BgVvhDfJUIKT415poLNMdnaDtcuYz+ZWvVNoRDaL7w==
  dependencies:
    "@material/base" "^14.0.0"
    "@material/density" "^14.0.0"
    "@material/dom" "^14.0.0"
    "@material/feature-targeting" "^14.0.0"
    "@material/ripple" "^14.0.0"
    "@material/rtl" "^14.0.0"
    "@material/shape" "^14.0.0"
    "@material/theme" "^14.0.0"
    "@material/typography" "^14.0.0"
    tslib "^2.1.0"

"@material/menu-surface@^14.0.0":
  version "14.0.0"
  resolved "https://registry.npmjs.org/@material/menu-surface/-/menu-surface-14.0.0.tgz"
  integrity sha512-wRz3UCrhJ4kRrijJEbvIPRa0mqA5qkQmKXjBH4Xu1ApedZruP+OM3Qb2Bj4XugCA3eCXpiohg+gdyTAX3dVQyw==
  dependencies:
    "@material/animation" "^14.0.0"
    "@material/base" "^14.0.0"
    "@material/elevation" "^14.0.0"
    "@material/feature-targeting" "^14.0.0"
    "@material/rtl" "^14.0.0"
    "@material/shape" "^14.0.0"
    "@material/theme" "^14.0.0"
    tslib "^2.1.0"

"@material/menu@^14.0.0":
  version "14.0.0"
  resolved "https://registry.npmjs.org/@material/menu/-/menu-14.0.0.tgz"
  integrity sha512-oU6GjbYnkG6a5nX9HUSege5OQByf6yUteEij8fpf0ci3f5BWf/gr39dnQ+rfl+q119cW0WIEmVK2YJ/BFxMzEQ==
  dependencies:
    "@material/base" "^14.0.0"
    "@material/dom" "^14.0.0"
    "@material/elevation" "^14.0.0"
    "@material/feature-targeting" "^14.0.0"
    "@material/list" "^14.0.0"
    "@material/menu-surface" "^14.0.0"
    "@material/ripple" "^14.0.0"
    "@material/rtl" "^14.0.0"
    "@material/theme" "^14.0.0"
    tslib "^2.1.0"

"@material/notched-outline@^14.0.0":
  version "14.0.0"
  resolved "https://registry.npmjs.org/@material/notched-outline/-/notched-outline-14.0.0.tgz"
  integrity sha512-6S58DlWmhCDr4RQF2RuwqANxlmLdHtWy2mF4JQLD9WOiCg4qY9eCQnMXu3Tbhr7f/nOZ0vzc7AtA3vfJoZmCSw==
  dependencies:
    "@material/base" "^14.0.0"
    "@material/feature-targeting" "^14.0.0"
    "@material/floating-label" "^14.0.0"
    "@material/rtl" "^14.0.0"
    "@material/shape" "^14.0.0"
    "@material/theme" "^14.0.0"
    tslib "^2.1.0"

"@material/ripple@^14.0.0":
  version "14.0.0"
  resolved "https://registry.npmjs.org/@material/ripple/-/ripple-14.0.0.tgz"
  integrity sha512-9XoGBFd5JhFgELgW7pqtiLy+CnCIcV2s9cQ2BWbOQeA8faX9UZIDUx/g76nHLZ7UzKFtsULJxZTwORmsEt2zvw==
  dependencies:
    "@material/animation" "^14.0.0"
    "@material/base" "^14.0.0"
    "@material/dom" "^14.0.0"
    "@material/feature-targeting" "^14.0.0"
    "@material/rtl" "^14.0.0"
    "@material/theme" "^14.0.0"
    tslib "^2.1.0"

"@material/rtl@^14.0.0":
  version "14.0.0"
  resolved "https://registry.npmjs.org/@material/rtl/-/rtl-14.0.0.tgz"
  integrity sha512-xl6OZYyRjuiW2hmbjV2omMV8sQtfmKAjeWnD1RMiAPLCTyOW9Lh/PYYnXjxUrNa0cRwIIbOn5J7OYXokja8puA==
  dependencies:
    "@material/theme" "^14.0.0"
    tslib "^2.1.0"

"@material/select@^14.0.0":
  version "14.0.0"
  resolved "https://registry.npmjs.org/@material/select/-/select-14.0.0.tgz"
  integrity sha512-4aY1kUHEnbOCRG3Tkuuk8yFfyNYSvOstBbjiYE/Z1ZGF3P1z+ON35iLatP84LvNteX4F1EMO2QAta2QbLRMAkw==
  dependencies:
    "@material/animation" "^14.0.0"
    "@material/base" "^14.0.0"
    "@material/density" "^14.0.0"
    "@material/dom" "^14.0.0"
    "@material/elevation" "^14.0.0"
    "@material/feature-targeting" "^14.0.0"
    "@material/floating-label" "^14.0.0"
    "@material/line-ripple" "^14.0.0"
    "@material/list" "^14.0.0"
    "@material/menu" "^14.0.0"
    "@material/menu-surface" "^14.0.0"
    "@material/notched-outline" "^14.0.0"
    "@material/ripple" "^14.0.0"
    "@material/rtl" "^14.0.0"
    "@material/shape" "^14.0.0"
    "@material/theme" "^14.0.0"
    "@material/tokens" "^14.0.0"
    "@material/typography" "^14.0.0"
    tslib "^2.1.0"

"@material/shape@^14.0.0":
  version "14.0.0"
  resolved "https://registry.npmjs.org/@material/shape/-/shape-14.0.0.tgz"
  integrity sha512-o0mJB0+feOv473KckI8gFnUo8IQAaEA6ynXzw3VIYFjPi48pJwrxa0mZcJP/OoTXrCbDzDeFJfDPXEmRioBb9A==
  dependencies:
    "@material/feature-targeting" "^14.0.0"
    "@material/rtl" "^14.0.0"
    "@material/theme" "^14.0.0"
    tslib "^2.1.0"

"@material/textfield@^14.0.0":
  version "14.0.0"
  resolved "https://registry.npmjs.org/@material/textfield/-/textfield-14.0.0.tgz"
  integrity sha512-HGbtAlvlIB2vWBq85yw5wQeeP3Kndl6Z0TJzQ6piVtcfdl2mPyWhuuVHQRRAOis3rCIaAAaxCQYYTJh8wIi0XQ==
  dependencies:
    "@material/animation" "^14.0.0"
    "@material/base" "^14.0.0"
    "@material/density" "^14.0.0"
    "@material/dom" "^14.0.0"
    "@material/feature-targeting" "^14.0.0"
    "@material/floating-label" "^14.0.0"
    "@material/line-ripple" "^14.0.0"
    "@material/notched-outline" "^14.0.0"
    "@material/ripple" "^14.0.0"
    "@material/rtl" "^14.0.0"
    "@material/shape" "^14.0.0"
    "@material/theme" "^14.0.0"
    "@material/tokens" "^14.0.0"
    "@material/typography" "^14.0.0"
    tslib "^2.1.0"

"@material/theme@^14.0.0":
  version "14.0.0"
  resolved "https://registry.npmjs.org/@material/theme/-/theme-14.0.0.tgz"
  integrity sha512-6/SENWNIFuXzeHMPHrYwbsXKgkvCtWuzzQ3cUu4UEt3KcQ5YpViazIM6h8ByYKZP8A9d8QpkJ0WGX5btGDcVoA==
  dependencies:
    "@material/feature-targeting" "^14.0.0"
    tslib "^2.1.0"

"@material/tokens@^14.0.0":
  version "14.0.0"
  resolved "https://registry.npmjs.org/@material/tokens/-/tokens-14.0.0.tgz"
  integrity sha512-SXgB9VwsKW4DFkHmJfDIS0x0cGdMWC1D06m6z/WQQ5P5j6/m0pKrbHVlrLzXcRjau+mFhXGvj/KyPo9Pp/Rc8Q==
  dependencies:
    "@material/elevation" "^14.0.0"

"@material/touch-target@^14.0.0":
  version "14.0.0"
  resolved "https://registry.npmjs.org/@material/touch-target/-/touch-target-14.0.0.tgz"
  integrity sha512-o3kvxmS4HkmZoQTvtzLJrqSG+ezYXkyINm3Uiwio1PTg67pDgK5FRwInkz0VNaWPcw9+5jqjUQGjuZMtjQMq8w==
  dependencies:
    "@material/base" "^14.0.0"
    "@material/feature-targeting" "^14.0.0"
    "@material/rtl" "^14.0.0"
    tslib "^2.1.0"

"@material/typography@^14.0.0":
  version "14.0.0"
  resolved "https://registry.npmjs.org/@material/typography/-/typography-14.0.0.tgz"
  integrity sha512-/QtHBYiTR+TPMryM/CT386B2WlAQf/Ae32V324Z7P40gHLKY/YBXx7FDutAWZFeOerq/two4Nd2aAHBcMM2wMw==
  dependencies:
    "@material/feature-targeting" "^14.0.0"
    "@material/theme" "^14.0.0"
    tslib "^2.1.0"

"@polka/url@^0.5.0":
  version "0.5.0"
  resolved "https://registry.npmjs.org/@polka/url/-/url-0.5.0.tgz"
  integrity sha512-oZLYFEAzUKyi3SKnXvj32ZCEGH6RDnao7COuCVhDydMS9NrCSVXhM79VaKyP5+Zc33m0QXEd2DN3UkU7OsHcfw==

"@smui-extra/badge@^7.0.0-beta.0":
  version "7.0.0-beta.0"
  resolved "https://registry.npmjs.org/@smui-extra/badge/-/badge-7.0.0-beta.0.tgz"
  integrity sha512-OflX8Ef/jAmliChFeJ8kfDecUC3xP1KWCanjX3K0jr/TY5R/onKaAIU/TbFiveB9ySqaaRH1BuvsiPLfZ5feHA==
  dependencies:
    "@material/feature-targeting" "^14.0.0"
    "@material/rtl" "^14.0.0"
    "@material/shape" "^14.0.0"
    "@material/theme" "^14.0.0"
    "@material/typography" "^14.0.0"
    "@smui/common" "^7.0.0-beta.0"
    svelte2tsx "^0.5.12"

"@smui/button@^7.0.0-beta.0":
  version "7.0.0-beta.0"
  resolved "https://registry.npmjs.org/@smui/button/-/button-7.0.0-beta.0.tgz"
  integrity sha512-RAdrHCvhB/jbhiv4S93eGIO0GKCrhU3CTawqXNUQxvMeo6KFk2uactb6kKT1Q1kFpf4cWhRWz4AGG/VEQHiQDg==
  dependencies:
    "@material/button" "^14.0.0"
    "@material/elevation" "^14.0.0"
    "@material/feature-targeting" "^14.0.0"
    "@material/ripple" "^14.0.0"
    "@material/theme" "^14.0.0"
    "@smui/common" "^7.0.0-beta.0"
    "@smui/ripple" "^7.0.0-beta.0"
    svelte2tsx "^0.5.12"

"@smui/common@^7.0.0-beta.0":
  version "7.0.0-beta.0"
  resolved "https://registry.npmjs.org/@smui/common/-/common-7.0.0-beta.0.tgz"
  integrity sha512-JFbmbXR/j3NdUPC1Nn28LDH62WVv6AaKQVr4VVmutgBYAkMy+QIQhG/kvFBP4Shr2gG8DLQyXGSK0wHHgiONlw==
  dependencies:
    "@material/dom" "^14.0.0"
    "@tsconfig/svelte" "^3.0.0"
    svelte2tsx "^0.5.12"

"@smui/dialog@^7.0.0-beta.0":
  version "7.0.0-beta.0"
  resolved "https://registry.npmjs.org/@smui/dialog/-/dialog-7.0.0-beta.0.tgz"
  integrity sha512-kLufkVO7WRKI+l9jAFY4+7i/vdOlAhQ9r6V6438ssZ08J9uf/TMz0AIYJV2qDBV/LiXmrdVrp+aa3ihAv9MaTA==
  dependencies:
    "@material/button" "^14.0.0"
    "@material/dialog" "^14.0.0"
    "@material/dom" "^14.0.0"
    "@smui/common" "^7.0.0-beta.0"
    svelte2tsx "^0.5.12"

"@smui/floating-label@^7.0.0-beta.0":
  version "7.0.0-beta.0"
  resolved "https://registry.npmjs.org/@smui/floating-label/-/floating-label-7.0.0-beta.0.tgz"
  integrity sha512-4MYgkcMu0Ya+7ZxdP+2sWqmrIj6w7xlUrNBXrTF6Ae6RZGXuCl9guhPwIpJvRClZrEtai5OMMXvyATVZg19mhA==
  dependencies:
    "@material/floating-label" "^14.0.0"
    "@smui/common" "^7.0.0-beta.0"
    svelte2tsx "^0.5.12"

"@smui/icon-button@^7.0.0-beta.0":
  version "7.0.0-beta.0"
  resolved "https://registry.npmjs.org/@smui/icon-button/-/icon-button-7.0.0-beta.0.tgz"
  integrity sha512-XBcZwcRh3VmOXbKsR9dv32gBZmvTCNQc+T/XhF3PDQRjGvE4q2VW8ZByB0IB47xpmWqJvfPb32DhJuR+Iffncg==
  dependencies:
    "@material/density" "^14.0.0"
    "@material/icon-button" "^14.0.0"
    "@smui/common" "^7.0.0-beta.0"
    "@smui/ripple" "^7.0.0-beta.0"
    svelte2tsx "^0.5.12"

"@smui/line-ripple@^7.0.0-beta.0":
  version "7.0.0-beta.0"
  resolved "https://registry.npmjs.org/@smui/line-ripple/-/line-ripple-7.0.0-beta.0.tgz"
  integrity sha512-UTwWAoSImeHQ9bsEkUTWrCZjJuPqgaKtz3FQfCETW2An/Liat36YpU0iODY6Y4TsVCaXWCJCkA2gf/VbIdrWUw==
  dependencies:
    "@material/line-ripple" "^14.0.0"
    "@smui/common" "^7.0.0-beta.0"
    svelte2tsx "^0.5.12"

"@smui/list@^7.0.0-beta.0":
  version "7.0.0-beta.0"
  resolved "https://registry.npmjs.org/@smui/list/-/list-7.0.0-beta.0.tgz"
  integrity sha512-fcpV3TYLV9ZKAnju77giVxWljvpUBF9YajcRTk5v4HyZUre7jvI4YJ/+KnuesHodEK1KhpkWxPu0JrcHRbjwZw==
  dependencies:
    "@material/dom" "^14.0.0"
    "@material/feature-targeting" "^14.0.0"
    "@material/list" "^14.0.0"
    "@smui/common" "^7.0.0-beta.0"
    "@smui/ripple" "^7.0.0-beta.0"
    svelte2tsx "^0.5.12"

"@smui/menu-surface@^7.0.0-beta.0":
  version "7.0.0-beta.0"
  resolved "https://registry.npmjs.org/@smui/menu-surface/-/menu-surface-7.0.0-beta.0.tgz"
  integrity sha512-maqzpPTDn4GbvCzCH8Zrb7tSSRtVqJjdsDbujP5YplO8nvzEo3OdjokZcBrbs2QMcw18AIofjA7DwAblcnFNJQ==
  dependencies:
    "@material/animation" "^14.0.0"
    "@material/menu-surface" "^14.0.0"
    "@smui/common" "^7.0.0-beta.0"
    svelte2tsx "^0.5.12"

"@smui/menu@^7.0.0-beta.0":
  version "7.0.0-beta.0"
  resolved "https://registry.npmjs.org/@smui/menu/-/menu-7.0.0-beta.0.tgz"
  integrity sha512-9LQ8ovanB6IQ5+7bh2/0kvNFtmPs68NO6aW4OlkaLMNrlxWnxGYMJRd6q/PoL83Z7WU0uxLUrDHQXm0zsGcp2Q==
  dependencies:
    "@material/dom" "^14.0.0"
    "@material/menu" "^14.0.0"
    "@smui/common" "^7.0.0-beta.0"
    "@smui/list" "^7.0.0-beta.0"
    "@smui/menu-surface" "^7.0.0-beta.0"
    svelte2tsx "^0.5.12"

"@smui/notched-outline@^7.0.0-beta.0":
  version "7.0.0-beta.0"
  resolved "https://registry.npmjs.org/@smui/notched-outline/-/notched-outline-7.0.0-beta.0.tgz"
  integrity sha512-c5Xu8D9j7xuAWiwehDetATxE4l3gl9GARk89Ea2+EZcJIy3OzuLY+mCCmFpBuuNQwHs/RtHd7vDOI2bbqXep0g==
  dependencies:
    "@material/notched-outline" "^14.0.0"
    "@smui/common" "^7.0.0-beta.0"
    "@smui/floating-label" "^7.0.0-beta.0"
    svelte2tsx "^0.5.12"

"@smui/paper@^7.0.0-beta.0":
  version "7.0.0-beta.0"
  resolved "https://registry.npmjs.org/@smui/paper/-/paper-7.0.0-beta.0.tgz"
  integrity sha512-0Zi2zyfCzxydnUHKKW7RDSjKfqkw6cekQ1mXzkm8AscUIeOCgysGuPvRjEmizBe9Uzc4radH8+gToPZejmbWVA==
  dependencies:
    "@material/elevation" "^14.0.0"
    "@material/feature-targeting" "^14.0.0"
    "@material/shape" "^14.0.0"
    "@material/theme" "^14.0.0"
    "@material/typography" "^14.0.0"
    "@smui/common" "^7.0.0-beta.0"
    svelte2tsx "^0.5.12"

"@smui/ripple@^7.0.0-beta.0":
  version "7.0.0-beta.0"
  resolved "https://registry.npmjs.org/@smui/ripple/-/ripple-7.0.0-beta.0.tgz"
  integrity sha512-2G9ILzcNAWeL8NgqW4tuBJXuh0gfGj01CtlGeRUSUNG5AxM3zLECrTEEqKdX25wtJf+QxBqV1Zi3ZqFDm3lzDg==
  dependencies:
    "@material/dom" "^14.0.0"
    "@material/ripple" "^14.0.0"
    "@smui/common" "^7.0.0-beta.0"
    svelte2tsx "^0.5.12"

"@smui/select@^7.0.0-beta.0":
  version "7.0.0-beta.0"
  resolved "https://registry.npmjs.org/@smui/select/-/select-7.0.0-beta.0.tgz"
  integrity sha512-iRv0CC1uJV7HVEuv8RLgqVjCkNkHmvbQkR4z6t4oK8ddPQs3/kgHMe30dsLR+HvyHHk8/If+8IYr188ROQ4Rug==
  dependencies:
    "@material/feature-targeting" "^14.0.0"
    "@material/ripple" "^14.0.0"
    "@material/rtl" "^14.0.0"
    "@material/select" "^14.0.0"
    "@material/theme" "^14.0.0"
    "@smui/common" "^7.0.0-beta.0"
    "@smui/floating-label" "^7.0.0-beta.0"
    "@smui/line-ripple" "^7.0.0-beta.0"
    "@smui/list" "^7.0.0-beta.0"
    "@smui/menu" "^7.0.0-beta.0"
    "@smui/menu-surface" "^7.0.0-beta.0"
    "@smui/notched-outline" "^7.0.0-beta.0"
    "@smui/ripple" "^7.0.0-beta.0"
    svelte2tsx "^0.5.12"

"@smui/textfield@^7.0.0-beta.0":
  version "7.0.0-beta.0"
  resolved "https://registry.npmjs.org/@smui/textfield/-/textfield-7.0.0-beta.0.tgz"
  integrity sha512-4GPtEuwUq+i2Nbslea04PxwHKBs6r6q/w/5wI6SsL2SRQoyNWS6mWi5Pt8keGguqeEVj21Yci5wTbQj/cyazgQ==
  dependencies:
    "@material/dom" "^14.0.0"
    "@material/feature-targeting" "^14.0.0"
    "@material/ripple" "^14.0.0"
    "@material/rtl" "^14.0.0"
    "@material/textfield" "^14.0.0"
    "@smui/common" "^7.0.0-beta.0"
    "@smui/floating-label" "^7.0.0-beta.0"
    "@smui/line-ripple" "^7.0.0-beta.0"
    "@smui/notched-outline" "^7.0.0-beta.0"
    "@smui/ripple" "^7.0.0-beta.0"
    svelte2tsx "^0.5.12"

"@smui/touch-target@^7.0.0-beta.0":
  version "7.0.0-beta.0"
  resolved "https://registry.npmjs.org/@smui/touch-target/-/touch-target-7.0.0-beta.0.tgz"
  integrity sha512-kst7s5284Bc/zoTgfSoq5IclKNX6mfpVU8kWviVi8a/Ka0iidp+n6XqefW0ckBcwHUjnXAwaqQreSRAokLAvHQ==
  dependencies:
    "@material/touch-target" "^14.0.0"
    "@smui/common" "^7.0.0-beta.0"
    svelte2tsx "^0.5.12"

"@sveltejs/vite-plugin-svelte@^1.0.2":
  version "1.4.0"
  resolved "https://registry.npmjs.org/@sveltejs/vite-plugin-svelte/-/vite-plugin-svelte-1.4.0.tgz"
  integrity sha512-6QupI/jemMfK+yI2pMtJcu5iO2gtgTfcBdGwMZZt+lgbFELhszbDl6Qjh000HgAV8+XUA+8EY8DusOFk8WhOIg==
  dependencies:
    debug "^4.3.4"
    deepmerge "^4.2.2"
    kleur "^4.1.5"
    magic-string "^0.26.7"
    svelte-hmr "^0.15.1"
    vitefu "^0.2.2"

"@tsconfig/svelte@^3.0.0":
  version "3.0.0"
  resolved "https://registry.npmjs.org/@tsconfig/svelte/-/svelte-3.0.0.tgz"
  integrity sha512-pYrtLtOwku/7r1i9AMONsJMVYAtk3hzOfiGNekhtq5tYBGA7unMve8RvUclKLMT3PrihvJqUmzsRGh0RP84hKg==

"@types/node@*", "@types/node@>= 14":
  version "18.11.18"
  resolved "https://registry.npmjs.org/@types/node/-/node-18.11.18.tgz"
  integrity sha512-DHQpWGjyQKSHj3ebjFI/wRKcqQcdR+MoFBygntYOZytCqNfkd2ZC4ARDJ2DQqhjH5p85Nnd3jhUJIXrszFX/JA==

"@types/pug@^2.0.4":
  version "2.0.6"
  resolved "https://registry.npmjs.org/@types/pug/-/pug-2.0.6.tgz"
  integrity sha512-SnHmG9wN1UVmagJOnyo/qkk0Z7gejYxOYYmaAwr5u2yFYfsupN3sg10kyzN8Hep/2zbHxCnsumxOoRIRMBwKCg==

"@types/sass@^1.16.0":
  version "1.43.1"
  resolved "https://registry.npmjs.org/@types/sass/-/sass-1.43.1.tgz"
  integrity sha512-BPdoIt1lfJ6B7rw35ncdwBZrAssjcwzI5LByIrYs+tpXlj/CAkuVdRsgZDdP4lq5EjyWzwxZCqAoFyHKFwp32g==
  dependencies:
    "@types/node" "*"

balanced-match@^1.0.0:
  version "1.0.2"
  resolved "https://registry.npmjs.org/balanced-match/-/balanced-match-1.0.2.tgz"
  integrity sha512-3oSeUO0TMV67hN1AmbXsK4yaqU7tjiHlbxRDZOpH0KW9+CeX4bRAaX0Anxt0tx2MrpRpWwQaPwIlISEJhYU5Pw==

brace-expansion@^1.1.7:
  version "1.1.11"
  resolved "https://registry.npmjs.org/brace-expansion/-/brace-expansion-1.1.11.tgz"
  integrity sha512-iCuPHDFgrHX7H2vEI/5xpz07zSHB00TpugqhmYtVmMO6518mCuRMoOYFldEBl0g187ufozdaHgWKcYFb61qGiA==
  dependencies:
    balanced-match "^1.0.0"
    concat-map "0.0.1"

buffer-crc32@^0.2.5:
  version "0.2.13"
  resolved "https://registry.npmjs.org/buffer-crc32/-/buffer-crc32-0.2.13.tgz"
  integrity sha512-VO9Ht/+p3SN7SKWqcrgEzjGbRSJYTx+Q1pTQC0wrWqHx0vpJraQ6GtHx8tvcg1rlK1byhU5gccxgOgj7B0TDkQ==

concat-map@0.0.1:
  version "0.0.1"
  resolved "https://registry.npmjs.org/concat-map/-/concat-map-0.0.1.tgz"
  integrity sha512-/Srv4dswyQNBfohGpz9o6Yb3Gz3SrUDqBH5rTuhGR7ahtlbYKnVxw2bCFMRljaA7EXHaXZ8wsHdodFvbkhKmqg==

console-clear@^1.1.0:
  version "1.1.1"
  resolved "https://registry.npmjs.org/console-clear/-/console-clear-1.1.1.tgz"
  integrity sha512-pMD+MVR538ipqkG5JXeOEbKWS5um1H4LUUccUQG68qpeqBYbzYy79Gh55jkd2TtPdRfUaLWdv6LPP//5Zt0aPQ==

debug@^4.3.4:
  version "4.3.4"
  resolved "https://registry.npmjs.org/debug/-/debug-4.3.4.tgz"
  integrity sha512-PRWFHuSU3eDtQJPvnNY7Jcket1j0t5OuOsFzPPzsekD52Zl8qUfFIPEiswXqIvHWGVHOgX+7G/vCNNhehwxfkQ==
  dependencies:
    ms "2.1.2"

dedent-js@^1.0.1:
  version "1.0.1"
  resolved "https://registry.npmjs.org/dedent-js/-/dedent-js-1.0.1.tgz"
  integrity sha512-OUepMozQULMLUmhxS95Vudo0jb0UchLimi3+pQ2plj61Fcy8axbP9hbiD4Sz6DPqn6XG3kfmziVfQ1rSys5AJQ==

deepmerge@^4.2.2:
  version "4.2.2"
  resolved "https://registry.npmjs.org/deepmerge/-/deepmerge-4.2.2.tgz"
  integrity sha512-FJ3UgI4gIl+PHZm53knsuSFpE+nESMr7M4v9QcgB7S63Kj/6WqMiFQJpBBYz1Pt+66bZpP3Q7Lye0Oo9MPKEdg==

detect-indent@^6.0.0:
  version "6.1.0"
  resolved "https://registry.npmjs.org/detect-indent/-/detect-indent-6.1.0.tgz"
  integrity sha512-reYkTUJAZb9gUuZ2RvVCNhVHdg62RHnJ7WJl8ftMi4diZ6NWlciOzQN88pUhSELEwflJht4oQDv0F0BMlwaYtA==

es6-promise@^3.1.2:
  version "3.3.1"
  resolved "https://registry.npmjs.org/es6-promise/-/es6-promise-3.3.1.tgz"
  integrity sha512-SOp9Phqvqn7jtEUxPWdWfWoLmyt2VaJ6MpvP9Comy1MceMXqE6bxvaTu4iaxpYYPzhny28Lc+M87/c2cPK6lDg==

esbuild@^0.15.9:
  version "0.15.18"
  resolved "https://registry.npmjs.org/esbuild/-/esbuild-0.15.18.tgz"
  integrity sha512-x/R72SmW3sSFRm5zrrIjAhCeQSAWoni3CmHEqfQrZIQTM3lVCdehdwuIqaOtfC2slvpdlLa62GYoN8SxT23m6Q==
  optionalDependencies:
    "@esbuild/android-arm" "0.15.18"
    "@esbuild/linux-loong64" "0.15.18"
    esbuild-android-64 "0.15.18"
    esbuild-android-arm64 "0.15.18"
    esbuild-darwin-64 "0.15.18"
    esbuild-darwin-arm64 "0.15.18"
    esbuild-freebsd-64 "0.15.18"
    esbuild-freebsd-arm64 "0.15.18"
    esbuild-linux-32 "0.15.18"
    esbuild-linux-64 "0.15.18"
    esbuild-linux-arm "0.15.18"
    esbuild-linux-arm64 "0.15.18"
    esbuild-linux-mips64le "0.15.18"
    esbuild-linux-ppc64le "0.15.18"
    esbuild-linux-riscv64 "0.15.18"
    esbuild-linux-s390x "0.15.18"
    esbuild-netbsd-64 "0.15.18"
    esbuild-openbsd-64 "0.15.18"
    esbuild-sunos-64 "0.15.18"
    esbuild-windows-32 "0.15.18"
    esbuild-windows-64 "0.15.18"
    esbuild-windows-arm64 "0.15.18"

fs.realpath@^1.0.0:
  version "1.0.0"
  resolved "https://registry.npmjs.org/fs.realpath/-/fs.realpath-1.0.0.tgz"
  integrity sha512-OO0pH2lK6a0hZnAdau5ItzHPI6pUlvI7jMVnxUQRtw4owF2wk8lOSabtGDCTP4Ggrg2MbGnWO9X8K1t4+fGMDw==

function-bind@^1.1.1:
  version "1.1.1"
  resolved "https://registry.npmjs.org/function-bind/-/function-bind-1.1.1.tgz"
  integrity sha512-yIovAzMX49sF8Yl58fSCWJ5svSLuaibPxXQJFLmBObTuCr0Mf1KiPopGM9NiFjiYBCbfaa2Fh6breQ6ANVTI0A==

get-port@^3.2.0:
  version "3.2.0"
  resolved "https://registry.npmjs.org/get-port/-/get-port-3.2.0.tgz"
  integrity sha512-x5UJKlgeUiNT8nyo/AcnwLnZuZNcSjSw0kogRB+Whd1fjjFq4B1hySFxSFWWSn4mIBzg3sRNUDFYc4g5gjPoLg==

glob@^7.1.3:
  version "7.2.3"
  resolved "https://registry.npmjs.org/glob/-/glob-7.2.3.tgz"
  integrity sha512-nFR0zLpU2YCaRxwoCJvL6UvCH2JFyFVIvwTLsIf21AuHlMskA1hhTdk+LlYJtOlYt9v6dvszD2BGRqBL+iQK9Q==
  dependencies:
    fs.realpath "^1.0.0"
    inflight "^1.0.4"
    inherits "2"
    minimatch "^3.1.1"
    once "^1.3.0"
    path-is-absolute "^1.0.0"

graceful-fs@^4.1.3:
  version "4.2.10"
  resolved "https://registry.npmjs.org/graceful-fs/-/graceful-fs-4.2.10.tgz"
  integrity sha512-9ByhssR2fPVsNZj478qUUbKfmL0+t5BDVyjShtyZZLiK7ZDAArFFfopyOTj0M05wE2tJPisA4iTnnXl2YoPvOA==

has@^1.0.3:
  version "1.0.3"
  resolved "https://registry.npmjs.org/has/-/has-1.0.3.tgz"
  integrity sha512-f2dvO0VU6Oej7RkWJGrehjbzMAjFp5/VKPp5tTpWIV4JHHZK1/BxbFRtf/siA2SWTe09caDmVtYYzWEIbBS4zw==
  dependencies:
    function-bind "^1.1.1"

inflight@^1.0.4:
  version "1.0.6"
  resolved "https://registry.npmjs.org/inflight/-/inflight-1.0.6.tgz"
  integrity sha512-k92I/b08q4wvFscXCLvqfsHCrjrF7yiXsQuIVvVE7N82W3+aqpzuUdBbfhWcy/FZR3/4IgflMgKLOsvPDrGCJA==
  dependencies:
    once "^1.3.0"
    wrappy "1"

inherits@2:
  version "2.0.4"
  resolved "https://registry.npmjs.org/inherits/-/inherits-2.0.4.tgz"
  integrity sha512-k/vGaX4/Yla3WzyMCvTQOXYeIHvqOKtnqBduzTHpzpQZzAskKMhZ2K+EnBiSM9zGSoIFeMpXKxa4dYeZIQqewQ==

is-core-module@^2.9.0:
  version "2.11.0"
  resolved "https://registry.npmjs.org/is-core-module/-/is-core-module-2.11.0.tgz"
  integrity sha512-RRjxlvLDkD1YJwDbroBHMb+cukurkDWNyHx7D3oNB5x9rb5ogcksMC5wHCadcXoo67gVr/+3GFySh3134zi6rw==
  dependencies:
    has "^1.0.3"

kleur@^3.0.0:
  version "3.0.3"
  resolved "https://registry.npmjs.org/kleur/-/kleur-3.0.3.tgz"
  integrity sha512-eTIzlVOSUR+JxdDFepEYcBMtZ9Qqdef+rnzWdRZuMbOywu5tO2w2N7rqjoANZ5k9vywhL6Br1VRjUIgTQx4E8w==

kleur@^4.1.5:
  version "4.1.5"
  resolved "https://registry.npmjs.org/kleur/-/kleur-4.1.5.tgz"
  integrity sha512-o+NO+8WrRiQEE4/7nwRJhN1HWpVmJm511pBHUxPLtp0BUISzlBplORYSmTclCnJvQq2tKu/sgl3xVpkc7ZWuQQ==

local-access@^1.0.1:
  version "1.1.0"
  resolved "https://registry.npmjs.org/local-access/-/local-access-1.1.0.tgz"
  integrity sha512-XfegD5pyTAfb+GY6chk283Ox5z8WexG56OvM06RWLpAc/UHozO8X6xAxEkIitZOtsSMM1Yr3DkHgW5W+onLhCw==

lower-case@^2.0.2:
  version "2.0.2"
  resolved "https://registry.npmjs.org/lower-case/-/lower-case-2.0.2.tgz"
  integrity sha512-7fm3l3NAF9WfN6W3JOmf5drwpVqX78JtoGJ3A6W0a6ZnldM41w2fV5D490psKFTpMds8TJse/eHLFFsNHHjHgg==
  dependencies:
    tslib "^2.0.3"

magic-string@^0.25.7:
  version "0.25.9"
  resolved "https://registry.npmjs.org/magic-string/-/magic-string-0.25.9.tgz"
  integrity sha512-RmF0AsMzgt25qzqqLc1+MbHmhdx0ojF2Fvs4XnOqz2ZOBXzzkEwc/dJQZCYHAn7v1jbVOjAZfK8msRn4BxO4VQ==
  dependencies:
    sourcemap-codec "^1.4.8"

magic-string@^0.26.7:
  version "0.26.7"
  resolved "https://registry.npmjs.org/magic-string/-/magic-string-0.26.7.tgz"
  integrity sha512-hX9XH3ziStPoPhJxLq1syWuZMxbDvGNbVchfrdCtanC7D13888bMFow61x8axrx+GfHLtVeAx2kxL7tTGRl+Ow==
  dependencies:
    sourcemap-codec "^1.4.8"

mime@^2.3.1:
  version "2.6.0"
  resolved "https://registry.npmjs.org/mime/-/mime-2.6.0.tgz"
  integrity sha512-USPkMeET31rOMiarsBNIHZKLGgvKc/LrjofAnBlOttf5ajRvqiRA8QsenbcooctK6d6Ts6aqZXBA+XbkKthiQg==

min-indent@^1.0.0:
  version "1.0.1"
  resolved "https://registry.npmjs.org/min-indent/-/min-indent-1.0.1.tgz"
  integrity sha512-I9jwMn07Sy/IwOj3zVkVik2JTvgpaykDZEigL6Rx6N9LbMywwUSMtxET+7lVoDLLd3O3IXwJwvuuns8UB/HeAg==

minimatch@^3.1.1:
  version "3.1.2"
  resolved "https://registry.npmjs.org/minimatch/-/minimatch-3.1.2.tgz"
  integrity sha512-J7p63hRiAjw1NDEww1W7i37+ByIrOWO5XQQAzZ3VOcL0PNybwpfmV/N05zFAzwQ9USyEcX6t3UO+K5aqBQOIHw==
  dependencies:
    brace-expansion "^1.1.7"

minimist@^1.2.0, minimist@^1.2.6:
  version "1.2.7"
  resolved "https://registry.npmjs.org/minimist/-/minimist-1.2.7.tgz"
  integrity sha512-bzfL1YUZsP41gmu/qjrEk0Q6i2ix/cVeAhbCbqH9u3zYutS1cLg00qhrD0M2MVdCcx4Sc0UpP2eBWo9rotpq6g==

mkdirp@^0.5.1:
  version "0.5.6"
  resolved "https://registry.npmjs.org/mkdirp/-/mkdirp-0.5.6.tgz"
  integrity sha512-FP+p8RB8OWpF3YZBCrP5gtADmtXApB5AMLn+vdyA+PyxCjrCs00mjyUozssO33cwDeT3wNGdLxJ5M//YqtHAJw==
  dependencies:
    minimist "^1.2.6"

mri@^1.1.0:
  version "1.2.0"
  resolved "https://registry.npmjs.org/mri/-/mri-1.2.0.tgz"
  integrity sha512-tzzskb3bG8LvYGFF/mDTpq3jpI6Q9wc3LEmBaghu+DdCssd1FakN7Bc0hVNmEyGq1bq3RgfkCb3cmQLpNPOroA==

ms@2.1.2:
  version "2.1.2"
  resolved "https://registry.npmjs.org/ms/-/ms-2.1.2.tgz"
  integrity sha512-sGkPx+VjMtmA6MX27oA4FBFELFCZZ4S4XqeGOXCv68tT+jb3vk/RyaKWP0PTKyWtmLSM0b+adUTEvbs1PEaH2w==

nanoid@^3.3.4:
  version "3.3.4"
  resolved "https://registry.npmjs.org/nanoid/-/nanoid-3.3.4.tgz"
  integrity sha512-MqBkQh/OHTS2egovRtLk45wEyNXwF+cokD+1YPf9u5VfJiRdAiRwB2froX5Co9Rh20xs4siNPm8naNotSD6RBw==

no-case@^3.0.4:
  version "3.0.4"
  resolved "https://registry.npmjs.org/no-case/-/no-case-3.0.4.tgz"
  integrity sha512-fgAN3jGAh+RoxUGZHTSOLJIqUc2wmoBwGR4tbpNAKmmovFoWq0OdRkb0VkldReO2a2iBT/OEulG9XSUc10r3zg==
  dependencies:
    lower-case "^2.0.2"
    tslib "^2.0.3"

once@^1.3.0:
  version "1.4.0"
  resolved "https://registry.npmjs.org/once/-/once-1.4.0.tgz"
  integrity sha512-lNaJgI+2Q5URQBkccEKHTQOPaXdUxnZZElQTZY0MFUAuaEqe1E+Nyvgdz/aIyNi6Z9MzO5dv1H8n58/GELp3+w==
  dependencies:
    wrappy "1"

pascal-case@^3.1.1:
  version "3.1.2"
  resolved "https://registry.npmjs.org/pascal-case/-/pascal-case-3.1.2.tgz"
  integrity sha512-uWlGT3YSnK9x3BQJaOdcZwrnV6hPpd8jFH1/ucpiLRPh/2zCVJKS19E4GvYHvaCcACn3foXZ0cLB9Wrx1KGe5g==
  dependencies:
    no-case "^3.0.4"
    tslib "^2.0.3"

path-is-absolute@^1.0.0:
  version "1.0.1"
  resolved "https://registry.npmjs.org/path-is-absolute/-/path-is-absolute-1.0.1.tgz"
  integrity sha512-AVbw3UJ2e9bq64vSaS9Am0fje1Pa8pbGqTTsmXfaIiMpnr5DlDhfJOuLj9Sf95ZPVDAUerDfEk88MPmPe7UCQg==

path-parse@^1.0.7:
  version "1.0.7"
  resolved "https://registry.npmjs.org/path-parse/-/path-parse-1.0.7.tgz"
  integrity sha512-LDJzPVEEEPR+y48z93A0Ed0yXb8pAByGWo/k5YYdYgpY2/2EsOsksJrq7lOHxryrVOn1ejG6oAp8ahvOIQD8sw==

picocolors@^1.0.0:
  version "1.0.0"
  resolved "https://registry.npmjs.org/picocolors/-/picocolors-1.0.0.tgz"
  integrity sha512-1fygroTLlHu66zi26VoTDv8yRgm0Fccecssto+MhsZ0D/DGW2sm8E8AjW7NU5VVTRt5GxbeZ5qBuJr+HyLYkjQ==

"postcss@^7 || ^8", postcss@^8.4.18:
  version "8.4.21"
  resolved "https://registry.npmjs.org/postcss/-/postcss-8.4.21.tgz"
  integrity sha512-tP7u/Sn/dVxK2NnruI4H9BG+x+Wxz6oeZ1cJ8P6G/PZY0IKk4k/63TDsQf2kQq3+qoJeLm2kIBUNlZe3zgb4Zg==
  dependencies:
    nanoid "^3.3.4"
    picocolors "^1.0.0"
    source-map-js "^1.0.2"

regexparam@2.0.1:
  version "2.0.1"
  resolved "https://registry.npmjs.org/regexparam/-/regexparam-2.0.1.tgz"
  integrity sha512-zRgSaYemnNYxUv+/5SeoHI0eJIgTL/A2pUtXUPLHQxUldagouJ9p+K6IbIZ/JiQuCEv2E2B1O11SjVQy3aMCkw==

resolve@^1.22.1:
  version "1.22.1"
  resolved "https://registry.npmjs.org/resolve/-/resolve-1.22.1.tgz"
  integrity sha512-nBpuuYuY5jFsli/JIs1oldw6fOQCBioohqWZg/2hiaOybXOft4lonv85uDOKXdf8rhyK159cxU5cDcK/NKk8zw==
  dependencies:
    is-core-module "^2.9.0"
    path-parse "^1.0.7"
    supports-preserve-symlinks-flag "^1.0.0"

rimraf@^2.5.2:
  version "2.7.1"
  resolved "https://registry.npmjs.org/rimraf/-/rimraf-2.7.1.tgz"
  integrity sha512-uWjbaKIK3T1OSVptzX7Nl6PvQ3qAGtKEtVRjRuazjfL3Bx5eI409VZSqgND+4UNnmzLVdPj9FqFJNPqBZFve4w==
  dependencies:
    glob "^7.1.3"

rollup@^2.79.1:
  version "2.79.1"
  resolved "https://registry.npmjs.org/rollup/-/rollup-2.79.1.tgz"
  integrity sha512-uKxbd0IhMZOhjAiD5oAFp7BqvkA4Dv47qpOCtaNvng4HBwdbWtdOh8f5nZNuk2rp51PMGk3bzfWu5oayNEuYnw==
  optionalDependencies:
    fsevents "~2.3.2"

sade@^1.4.0:
  version "1.8.1"
  resolved "https://registry.npmjs.org/sade/-/sade-1.8.1.tgz"
  integrity sha512-xal3CZX1Xlo/k4ApwCFrHVACi9fBqJ7V+mwhBsuf/1IOKbBy098Fex+Wa/5QMubw09pSZ/u8EY8PWgevJsXp1A==
  dependencies:
    mri "^1.1.0"

sander@^0.5.0:
  version "0.5.1"
  resolved "https://registry.npmjs.org/sander/-/sander-0.5.1.tgz"
  integrity sha512-3lVqBir7WuKDHGrKRDn/1Ye3kwpXaDOMsiRP1wd6wpZW56gJhsbp5RqQpA6JG/P+pkXizygnr1dKR8vzWaVsfA==
  dependencies:
    es6-promise "^3.1.2"
    graceful-fs "^4.1.3"
    mkdirp "^0.5.1"
    rimraf "^2.5.2"

sirv-cli@^0.4.4:
  version "0.4.6"
  resolved "https://registry.npmjs.org/sirv-cli/-/sirv-cli-0.4.6.tgz"
  integrity sha512-/Vj85/kBvPL+n9ibgX6FicLE8VjidC1BhlX67PYPBfbBAphzR6i0k0HtU5c2arejfU3uzq8l3SYPCwl1x7z6Ww==
  dependencies:
    console-clear "^1.1.0"
    get-port "^3.2.0"
    kleur "^3.0.0"
    local-access "^1.0.1"
    sade "^1.4.0"
    sirv "^0.4.6"
    tinydate "^1.0.0"

sirv@^0.4.6:
  version "0.4.6"
  resolved "https://registry.npmjs.org/sirv/-/sirv-0.4.6.tgz"
  integrity sha512-rYpOXlNbpHiY4nVXxuDf4mXPvKz1reZGap/LkWp9TvcZ84qD/nPBjjH/6GZsgIjVMbOslnY8YYULAyP8jMn1GQ==
  dependencies:
    "@polka/url" "^0.5.0"
    mime "^2.3.1"

sorcery@^0.10.0:
  version "0.10.0"
  resolved "https://registry.npmjs.org/sorcery/-/sorcery-0.10.0.tgz"
  integrity sha512-R5ocFmKZQFfSTstfOtHjJuAwbpGyf9qjQa1egyhvXSbM7emjrtLXtGdZsDJDABC85YBfVvrOiGWKSYXPKdvP1g==
  dependencies:
    buffer-crc32 "^0.2.5"
    minimist "^1.2.0"
    sander "^0.5.0"
    sourcemap-codec "^1.3.0"

source-map-js@^1.0.2:
  version "1.0.2"
  resolved "https://registry.npmjs.org/source-map-js/-/source-map-js-1.0.2.tgz"
  integrity sha512-R0XvVJ9WusLiqTCEiGCmICCMplcCkIwwR11mOSD9CR5u+IXYdiseeEuXCVAjS54zqwkLcPNnmU4OeJ6tUrWhDw==

sourcemap-codec@^1.3.0, sourcemap-codec@^1.4.8:
  version "1.4.8"
  resolved "https://registry.npmjs.org/sourcemap-codec/-/sourcemap-codec-1.4.8.tgz"
  integrity sha512-9NykojV5Uih4lgo5So5dtw+f0JgJX30KCNI8gwhz2J9A15wD0Ml6tjHKwf6fTSa6fAdVBdZeNOs9eJ71qCk8vA==

strip-indent@^3.0.0:
  version "3.0.0"
  resolved "https://registry.npmjs.org/strip-indent/-/strip-indent-3.0.0.tgz"
  integrity sha512-laJTa3Jb+VQpaC6DseHhF7dXVqHTfJPCRDaEbid/drOhgitgYku/letMUqOXFoWV0zIIUbjpdH2t+tYj4bQMRQ==
  dependencies:
    min-indent "^1.0.0"

supports-preserve-symlinks-flag@^1.0.0:
  version "1.0.0"
  resolved "https://registry.npmjs.org/supports-preserve-symlinks-flag/-/supports-preserve-symlinks-flag-1.0.0.tgz"
  integrity sha512-ot0WnXS9fgdkgIcePe6RHNk1WA8+muPa6cSjeR3V8K27q9BB1rTE3R1p7Hv0z1ZyAc8s6Vvv8DIyWf681MAt0w==

svelte-confirm@^0.0.0:
  version "0.0.0"
  resolved "https://registry.npmjs.org/svelte-confirm/-/svelte-confirm-0.0.0.tgz"
  integrity sha512-3vnM6Z/K0uN+d2VpQqFt4y1bwq/AkjxAEBdoqgmt/22IY0eaXBr4/T1ixAI85u8/2PV0ICMQZID68nItcJC7Ug==
  dependencies:
    sirv-cli "^0.4.4"

svelte-hmr@^0.15.1:
  version "0.15.1"
  resolved "https://registry.npmjs.org/svelte-hmr/-/svelte-hmr-0.15.1.tgz"
  integrity sha512-BiKB4RZ8YSwRKCNVdNxK/GfY+r4Kjgp9jCLEy0DuqAKfmQtpL38cQK3afdpjw4sqSs4PLi3jIPJIFp259NkZtA==

svelte-notifications@^0.9.98:
  version "0.9.98"
  resolved "https://registry.npmjs.org/svelte-notifications/-/svelte-notifications-0.9.98.tgz"
  integrity sha512-w7/sqnQtEjM5uzjb3HfB50RE6KMuuWEQZxfBw86IykslHFJRcTuRvaUv503UMqY/LaioOu6w9mjJTO+ejiReSQ==

svelte-preprocess@^4.10.7:
  version "4.10.7"
  resolved "https://registry.npmjs.org/svelte-preprocess/-/svelte-preprocess-4.10.7.tgz"
  integrity sha512-sNPBnqYD6FnmdBrUmBCaqS00RyCsCpj2BG58A1JBswNF7b0OKviwxqVrOL/CKyJrLSClrSeqQv5BXNg2RUbPOw==
  dependencies:
    "@types/pug" "^2.0.4"
    "@types/sass" "^1.16.0"
    detect-indent "^6.0.0"
    magic-string "^0.25.7"
    sorcery "^0.10.0"
    strip-indent "^3.0.0"

svelte-spa-router@^3.3.0:
  version "3.3.0"
  resolved "https://registry.npmjs.org/svelte-spa-router/-/svelte-spa-router-3.3.0.tgz"
  integrity sha512-cwRNe7cxD43sCvSfEeaKiNZg3FCizGxeMcf7CPiWRP3jKXjEma3vxyyuDtPOam6nWbVxl9TNM3hlE/i87ZlqcQ==
  dependencies:
    regexparam "2.0.1"

svelte@^3.23.0, svelte@^3.24, svelte@^3.44.0, svelte@^3.49.0, svelte@>=3.19.0:
  version "3.55.1"
  resolved "https://registry.npmjs.org/svelte/-/svelte-3.55.1.tgz"
  integrity sha512-S+87/P0Ve67HxKkEV23iCdAh/SX1xiSfjF1HOglno/YTbSTW7RniICMCofWGdJJbdjw3S+0PfFb1JtGfTXE0oQ==

svelte2tsx@^0.5.12:
  version "0.5.23"
  resolved "https://registry.npmjs.org/svelte2tsx/-/svelte2tsx-0.5.23.tgz"
  integrity sha512-jYFnugTQRFmUpvLXPQrKzVYcW5ErT+0QCxg027Zx9BuvYefMZFuoBSTDYe7viPEFGrPPiLgT2m7f5n9khE7f7Q==
  dependencies:
    dedent-js "^1.0.1"
    pascal-case "^3.1.1"

tinydate@^1.0.0:
  version "1.3.0"
  resolved "https://registry.npmjs.org/tinydate/-/tinydate-1.3.0.tgz"
  integrity sha512-7cR8rLy2QhYHpsBDBVYnnWXm8uRTr38RoZakFSW7Bs7PzfMPNZthuMLkwqZv7MTu8lhQ91cOFYS5a7iFj2oR3w==

tslib@^2.0.3, tslib@^2.1.0:
  version "2.4.1"
  resolved "https://registry.npmjs.org/tslib/-/tslib-2.4.1.tgz"
  integrity sha512-tGyy4dAjRIEwI7BzsB0lynWgOpfqjUdq91XXAlIWD2OwKBH7oCl/GZG/HT4BOHrTlPMOASlMQ7veyTqpmRcrNA==

"typescript@^3.9.5 || ^4.0.0", typescript@^4.1.2, typescript@^4.9.5:
  version "4.9.5"
  resolved "https://registry.npmjs.org/typescript/-/typescript-4.9.5.tgz"
  integrity sha512-1FXk9E2Hm+QzZQ7z+McJiHL4NW1F2EzMu9Nq9i3zAaGqibafqYwCVU6WyWAuyQRRzOlxou8xZSyXLEN8oKj24g==

vite@^3.0.0, "vite@^3.0.0 || ^4.0.0", vite@^3.1.0:
  version "3.2.5"
  resolved "https://registry.npmjs.org/vite/-/vite-3.2.5.tgz"
  integrity sha512-4mVEpXpSOgrssFZAOmGIr85wPHKvaDAcXqxVxVRZhljkJOMZi1ibLibzjLHzJvcok8BMguLc7g1W6W/GqZbLdQ==
  dependencies:
    esbuild "^0.15.9"
    postcss "^8.4.18"
    resolve "^1.22.1"
    rollup "^2.79.1"
  optionalDependencies:
    fsevents "~2.3.2"

vitefu@^0.2.2:
  version "0.2.4"
  resolved "https://registry.npmjs.org/vitefu/-/vitefu-0.2.4.tgz"
  integrity sha512-fanAXjSaf9xXtOOeno8wZXIhgia+CZury481LsDaV++lSvcU2R9Ch2bPh3PYFyoHW+w9LqAeYRISVQjUIew14g==

wrappy@1:
  version "1.0.2"
  resolved "https://registry.npmjs.org/wrappy/-/wrappy-1.0.2.tgz"
  integrity sha512-l4Sp/DRseor9wL6EvV2+TuQn63dMkPjZ/sp9XkghTEbV9KlPS1xUsZ3u7/IQO4wxtcFB4bgpQPRcR3QCvezPcQ==
